
Microsoft Visual Studio Solution File, Format Version 12.00
# Visual Studio 14
VisualStudioVersion = 14.0.24720.0
MinimumVisualStudioVersion = 10.0.40219.1
Project("{FAE04EC0-301F-11D3-BF4B-00C04F79EFBC}") = "TestGitHubAzureDeploy", "TestGitHubAzureDeploy\TestGitHubAzureDeploy.csproj", "{E82268B1-2F93-49F2-B2F6-3A82682C290E}"
EndProject
Global
	GlobalSection(SolutionConfigurationPlatforms) = preSolution
		Debug|Any CPU = Debug|Any CPU
		Release|Any CPU = Release|Any CPU
	EndGlobalSection
	GlobalSection(ProjectConfigurationPlatforms) = postSolution
		{E82268B1-2F93-49F2-B2F6-3A82682C290E}.Debug|Any CPU.ActiveCfg = Debug|Any CPU
		{E82268B1-2F93-49F2-B2F6-3A82682C290E}.Debug|Any CPU.Build.0 = Debug|Any CPU
		{E82268B1-2F93-49F2-B2F6-3A82682C290E}.Release|Any CPU.ActiveCfg = Release|Any CPU
		{E82268B1-2F93-49F2-B2F6-3A82682C290E}.Release|Any CPU.Build.0 = Release|Any CPU
	EndGlobalSection
	GlobalSection(SolutionProperties) = preSolution
		HideSolutionNode = FALSE
	EndGlobalSection
EndGlobal
